
Microsoft Visual Studio Solution File, Format Version 12.00
# Visual Studio Version 17
VisualStudioVersion = 17.10.35027.167
MinimumVisualStudioVersion = 10.0.40219.1
Project("{FAE04EC0-301F-11D3-BF4B-00C04F79EFBC}") = "Portfolio", "Portfolio\Portfolio\Portfolio.csproj", "{F7D33E0A-4F31-4822-964C-E2BDD91983AB}"
EndProject
Project("{FAE04EC0-301F-11D3-BF4B-00C04F79EFBC}") = "Portfolio.Client", "Portfolio\Portfolio.Client\Portfolio.Client.csproj", "{6E857E03-A111-4FF9-BD23-8E663D719B9A}"
EndProject
Project("{FAE04EC0-301F-11D3-BF4B-00C04F79EFBC}") = "Portfolio.Api", "MyPortfolio.Api\Portfolio.Api.csproj", "{010193F7-44C9-42BE-B3A6-5DF36FB2E5FC}"
EndProject
Global
	GlobalSection(SolutionConfigurationPlatforms) = preSolution
		Debug|Any CPU = Debug|Any CPU
		Release|Any CPU = Release|Any CPU
	EndGlobalSection
	GlobalSection(ProjectConfigurationPlatforms) = postSolution
		{F7D33E0A-4F31-4822-964C-E2BDD91983AB}.Debug|Any CPU.ActiveCfg = Debug|Any CPU
		{F7D33E0A-4F31-4822-964C-E2BDD91983AB}.Debug|Any CPU.Build.0 = Debug|Any CPU
		{F7D33E0A-4F31-4822-964C-E2BDD91983AB}.Release|Any CPU.ActiveCfg = Release|Any CPU
		{F7D33E0A-4F31-4822-964C-E2BDD91983AB}.Release|Any CPU.Build.0 = Release|Any CPU
		{6E857E03-A111-4FF9-BD23-8E663D719B9A}.Debug|Any CPU.ActiveCfg = Debug|Any CPU
		{6E857E03-A111-4FF9-BD23-8E663D719B9A}.Debug|Any CPU.Build.0 = Debug|Any CPU
		{6E857E03-A111-4FF9-BD23-8E663D719B9A}.Release|Any CPU.ActiveCfg = Release|Any CPU
		{6E857E03-A111-4FF9-BD23-8E663D719B9A}.Release|Any CPU.Build.0 = Release|Any CPU
		{010193F7-44C9-42BE-B3A6-5DF36FB2E5FC}.Debug|Any CPU.ActiveCfg = Debug|Any CPU
		{010193F7-44C9-42BE-B3A6-5DF36FB2E5FC}.Debug|Any CPU.Build.0 = Debug|Any CPU
		{010193F7-44C9-42BE-B3A6-5DF36FB2E5FC}.Release|Any CPU.ActiveCfg = Release|Any CPU
		{010193F7-44C9-42BE-B3A6-5DF36FB2E5FC}.Release|Any CPU.Build.0 = Release|Any CPU
	EndGlobalSection
	GlobalSection(SolutionProperties) = preSolution
		HideSolutionNode = FALSE
	EndGlobalSection
	GlobalSection(ExtensibilityGlobals) = postSolution
		SolutionGuid = {AAAC0DBE-C57C-4D6E-8F0F-DEC2D13BFA77}
	EndGlobalSection
EndGlobal
